
Microsoft Visual Studio Solution File, Format Version 12.00
# Visual Studio Version 17
VisualStudioVersion = 17.2.32616.157
MinimumVisualStudioVersion = 10.0.40219.1
Project("{FAE04EC0-301F-11D3-BF4B-00C04F79EFBC}") = "GroceryMarket", "GroceryMarket\GroceryMarket.csproj", "{EB106500-B497-4B43-8FCA-4A57F4858FA3}"
EndProject
Global
	GlobalSection(SolutionConfigurationPlatforms) = preSolution
		Debug|Any CPU = Debug|Any CPU
		Release|Any CPU = Release|Any CPU
	EndGlobalSection
	GlobalSection(ProjectConfigurationPlatforms) = postSolution
		{EB106500-B497-4B43-8FCA-4A57F4858FA3}.Debug|Any CPU.ActiveCfg = Debug|Any CPU
		{EB106500-B497-4B43-8FCA-4A57F4858FA3}.Debug|Any CPU.Build.0 = Debug|Any CPU
		{EB106500-B497-4B43-8FCA-4A57F4858FA3}.Release|Any CPU.ActiveCfg = Release|Any CPU
		{EB106500-B497-4B43-8FCA-4A57F4858FA3}.Release|Any CPU.Build.0 = Release|Any CPU
	EndGlobalSection
	GlobalSection(SolutionProperties) = preSolution
		HideSolutionNode = FALSE
	EndGlobalSection
	GlobalSection(ExtensibilityGlobals) = postSolution
		SolutionGuid = {D3A34255-AED7-4406-AC35-87B7EE24969B}
	EndGlobalSection
EndGlobal
